
Microsoft Visual Studio Solution File, Format Version 12.00
# Visual Studio Version 16
VisualStudioVersion = 16.0.30804.86
MinimumVisualStudioVersion = 10.0.40219.1
Project("{FAE04EC0-301F-11D3-BF4B-00C04F79EFBC}") = "WebSitesiZiyaretciRaporu", "WebSitesiZiyaretciRaporu\WebSitesiZiyaretciRaporu.csproj", "{3271EB17-8B4A-47A2-B1AE-F0F7B5B00C11}"
EndProject
Global
	GlobalSection(SolutionConfigurationPlatforms) = preSolution
		Debug|Any CPU = Debug|Any CPU
		Release|Any CPU = Release|Any CPU
	EndGlobalSection
	GlobalSection(ProjectConfigurationPlatforms) = postSolution
		{3271EB17-8B4A-47A2-B1AE-F0F7B5B00C11}.Debug|Any CPU.ActiveCfg = Debug|Any CPU
		{3271EB17-8B4A-47A2-B1AE-F0F7B5B00C11}.Debug|Any CPU.Build.0 = Debug|Any CPU
		{3271EB17-8B4A-47A2-B1AE-F0F7B5B00C11}.Release|Any CPU.ActiveCfg = Release|Any CPU
		{3271EB17-8B4A-47A2-B1AE-F0F7B5B00C11}.Release|Any CPU.Build.0 = Release|Any CPU
	EndGlobalSection
	GlobalSection(SolutionProperties) = preSolution
		HideSolutionNode = FALSE
	EndGlobalSection
	GlobalSection(ExtensibilityGlobals) = postSolution
		SolutionGuid = {62FAEFDD-CEC0-44F5-9E56-49D705D26C3A}
	EndGlobalSection
EndGlobal
